<?xml version="1.0" encoding="utf-8"?>
<Project ToolsVersion="4.0" xmlns="http://schemas.microsoft.com/developer/msbuild/2003">
  <ItemGroup>
    <Filter Include="Source Files">
      <UniqueIdentifier>{4FC737F1-C7A5-4376-A066-2A32D752A2FF}</UniqueIdentifier>
      <Extensions>cpp;c;cc;cxx;def;odl;idl;hpj;bat;asm;asmx</Extensions>
    </Filter>
    <Filter Include="Header Files">
      <UniqueIdentifier>{93995380-89BD-4b04-88EB-625FBE52EBFB}</UniqueIdentifier>
      <Extensions>h;hh;hpp;hxx;hm;inl;inc;ipp;xsd</Extensions>
    </Filter>
    <Filter Include="Resource Files">
      <UniqueIdentifier>{67DA6AB6-F800-4c08-8B7A-83BB121AAD01}</UniqueIdentifier>
      <Extensions>rc;ico;cur;bmp;dlg;rc2;rct;bin;rgs;gif;jpg;jpeg;jpe;resx;tiff;tif;png;wav;mfcribbon-ms</Extensions>
    </Filter>
    <Filter Include="Shaders">
      <UniqueIdentifier>{fac20cc9-887e-45c9-a0e7-3887c322283a}</UniqueIdentifier>
    </Filter>
    <Filter Include="Header Files\Renderer">
      <UniqueIdentifier>{09ad0a34-a1a6-4532-a4b6-8de5128c770a}</UniqueIdentifier>
    </Filter>
    <Filter Include="Source Files\Renderer">
      <UniqueIdentifier>{e5141ea9-3067-45e4-8611-c0b8bd413cbc}</UniqueIdentifier>
    </Filter>
    <Filter Include="Header Files\Model">
      <UniqueIdentifier>{f3b668ce-ee18-4839-a8eb-3a20e7441e34}</UniqueIdentifier>
    </Filter>
    <Filter Include="Source Files\Model">
      <UniqueIdentifier>{27c8efd0-0276-447f-a754-8d2c0614cdb9}</UniqueIdentifier>
    </Filter>
    <Filter Include="Header Files\Utility">
      <UniqueIdentifier>{77fca598-dbb3-4b2d-bd90-6c7bef60457f}</UniqueIdentifier>
    </Filter>
    <Filter Include="Source Files\Utility">
      <UniqueIdentifier>{e8564d83-795d-4dbb-ba9b-5d978a9b09ff}</UniqueIdentifier>
    </Filter>
    <Filter Include="Header Files\Engine">
      <UniqueIdentifier>{076eebb7-b920-4373-aacb-1bfa143ad007}</UniqueIdentifier>
    </Filter>
    <Filter Include="Source Files\Engine">
      <UniqueIdentifier>{17470cee-4654-4638-be4b-e49c536b006c}</UniqueIdentifier>
    </Filter>
    <Filter Include="Imgui">
      <UniqueIdentifier>{73b0fd93-af66-4604-b709-1a4bd2fd1c3b}</UniqueIdentifier>
    </Filter>
    <Filter Include="Header Files\Renderer\RenderStages">
      <UniqueIdentifier>{87bef71d-90f7-4322-81b1-146c1494c062}</UniqueIdentifier>
    </Filter>
    <Filter Include="Source Files\Renderer\RenderStages">
      <UniqueIdentifier>{546ceb4b-7865-45cd-8924-febb45eff5f1}</UniqueIdentifier>
    </Filter>
    <Filter Include="Shaders\PostProcess">
      <UniqueIdentifier>{531cbda8-d361-4a9b-a993-5f2a19e56e7c}</UniqueIdentifier>
    </Filter>
    <Filter Include="Shaders\Sky">
      <UniqueIdentifier>{d413c7cb-b1a2-4c16-9da9-a11e1e4d509a}</UniqueIdentifier>
    </Filter>
    <Filter Include="Shaders\PBR">
      <UniqueIdentifier>{c0446e69-de92-46bb-81ef-d0bf20193fe2}</UniqueIdentifier>
    </Filter>
    <Filter Include="Shaders\Misc">
      <UniqueIdentifier>{474c88cd-99a3-4ea4-90df-d1d8a6510a32}</UniqueIdentifier>
    </Filter>
    <Filter Include="Shaders\AA">
      <UniqueIdentifier>{8946cb6b-92a2-40b4-911c-c2d1fb8d4268}</UniqueIdentifier>
    </Filter>
    <Filter Include="Header Files\Renderer\PostProcessStages">
      <UniqueIdentifier>{669f4c94-8574-4f8c-90c6-57d742224e1f}</UniqueIdentifier>
    </Filter>
    <Filter Include="Source Files\Renderer\PostProcessStages">
      <UniqueIdentifier>{6a131292-ca9e-4a60-9d7a-9736b4794697}</UniqueIdentifier>
    </Filter>
    <Filter Include="Header Files\Math">
      <UniqueIdentifier>{772a2224-e9c6-44d7-8efc-e6a8bcdc8fc9}</UniqueIdentifier>
    </Filter>
    <Filter Include="Header Files\DataStructures">
      <UniqueIdentifier>{01a3a277-ea77-4e55-9d3f-19dd24ac4b3e}</UniqueIdentifier>
    </Filter>
    <Filter Include="Source Files\Scene">
      <UniqueIdentifier>{6557b1ff-ffab-4d2f-8549-2b3598de52f4}</UniqueIdentifier>
    </Filter>
    <Filter Include="Shaders\SSAO">
      <UniqueIdentifier>{5d3285fd-e20e-4710-87d9-94f314b44dda}</UniqueIdentifier>
    </Filter>
    <Filter Include="Shaders\Voxelization">
      <UniqueIdentifier>{8b94897f-c292-4880-8fa9-bf1ab6a9c781}</UniqueIdentifier>
    </Filter>
    <Filter Include="Shaders\VolumetricLight">
      <UniqueIdentifier>{f0eafb6f-3158-40a0-b957-e49010b0cf42}</UniqueIdentifier>
    </Filter>
    <Filter Include="Header Files\Renderer\ComputeStages">
      <UniqueIdentifier>{5aed456f-07b8-4db6-9a0b-6c255256f986}</UniqueIdentifier>
    </Filter>
    <Filter Include="Source Files\Renderer\ComputeStages">
      <UniqueIdentifier>{69b7948c-71ff-4434-b214-8e788bd92a16}</UniqueIdentifier>
    </Filter>
    <Filter Include="Imguizmo">
      <UniqueIdentifier>{d4732730-975d-461e-81f6-4bec127c2664}</UniqueIdentifier>
    </Filter>
    <Filter Include="Shaders\Wireframe">
      <UniqueIdentifier>{cb6e092f-52d0-47a1-856d-beec3c90edbc}</UniqueIdentifier>
    </Filter>
    <Filter Include="Header Files\Animation">
      <UniqueIdentifier>{b1b069dc-e7c2-4a40-8533-19fcbfa86586}</UniqueIdentifier>
    </Filter>
    <Filter Include="Source Files\Animation">
      <UniqueIdentifier>{2823fa1d-830f-495b-bd34-02ab97e80a32}</UniqueIdentifier>
    </Filter>
    <Filter Include="Header Files\Editor">
      <UniqueIdentifier>{0168ef82-7816-49dd-8329-88bbe4d4ab32}</UniqueIdentifier>
    </Filter>
  </ItemGroup>
  <ItemGroup>
    <None Include="packages.config" />
    <None Include="cpp.hint" />
    <None Include="Lighting.hlsli">
      <Filter>Shaders\PBR</Filter>
    </None>
    <None Include="Common.hlsli">
      <Filter>Shaders</Filter>
    </None>
    <None Include="VoxelCommon.hlsli">
      <Filter>Shaders\Voxelization</Filter>
    </None>
    <None Include="FrameCommon.hlsli">
      <Filter>Shaders</Filter>
    </None>
    <None Include="Constants.hlsli">
      <Filter>Shaders</Filter>
    </None>
    <None Include="AnimationCommon.hlsli">
      <Filter>Shaders</Filter>
    </None>
  </ItemGroup>
  <ItemGroup>
    <ClCompile Include="DeviceResources.cpp">
      <Filter>Source Files\Renderer</Filter>
    </ClCompile>
    <ClCompile Include="Renderer.cpp">
      <Filter>Source Files\Renderer</Filter>
    </ClCompile>
    <ClCompile Include="RenderTargetManager.cpp">
      <Filter>Source Files\Renderer</Filter>
    </ClCompile>
    <ClCompile Include="ResourceManager.cpp">
      <Filter>Source Files\Renderer</Filter>
    </ClCompile>
    <ClCompile Include="ShaderManager.cpp">
      <Filter>Source Files\Renderer</Filter>
    </ClCompile>
    <ClCompile Include="Window.cpp">
      <Filter>Source Files\Renderer</Filter>
    </ClCompile>
    <ClCompile Include="ShaderResourceManager.cpp">
      <Filter>Source Files\Renderer</Filter>
    </ClCompile>
    <ClCompile Include="CommandContext.cpp">
      <Filter>Source Files\Renderer</Filter>
    </ClCompile>
    <ClCompile Include="ModelLoader.cpp">
      <Filter>Source Files\Model</Filter>
    </ClCompile>
    <ClCompile Include="Mesh.cpp">
      <Filter>Source Files\Model</Filter>
    </ClCompile>
    <ClCompile Include="OGLMath.cpp">
      <Filter>Header Files\Utility</Filter>
    </ClCompile>
    <ClCompile Include="Timer.cpp">
      <Filter>Source Files\Utility</Filter>
    </ClCompile>
    <ClCompile Include="DXUtility.cpp">
      <Filter>Source Files\Utility</Filter>
    </ClCompile>
    <ClCompile Include="Camera.cpp">
      <Filter>Source Files\Engine</Filter>
    </ClCompile>
    <ClCompile Include="Game.cpp">
      <Filter>Source Files\Engine</Filter>
    </ClCompile>
    <ClCompile Include="Memory.cpp">
      <Filter>Source Files\Engine</Filter>
    </ClCompile>
    <ClCompile Include="Entity.cpp">
      <Filter>Source Files\Engine</Filter>
    </ClCompile>
    <ClCompile Include="System.cpp">
      <Filter>Source Files\Engine</Filter>
    </ClCompile>
    <ClCompile Include="Engine.cpp">
      <Filter>Source Files</Filter>
    </ClCompile>
    <ClCompile Include="imgui_widgets.cpp">
      <Filter>Imgui</Filter>
    </ClCompile>
    <ClCompile Include="imgui.cpp">
      <Filter>Imgui</Filter>
    </ClCompile>
    <ClCompile Include="imgui_demo.cpp">
      <Filter>Imgui</Filter>
    </ClCompile>
    <ClCompile Include="imgui_draw.cpp">
      <Filter>Imgui</Filter>
    </ClCompile>
    <ClCompile Include="imgui_impl_dx12.cpp">
      <Filter>Imgui</Filter>
    </ClCompile>
    <ClCompile Include="imgui_impl_win32.cpp">
      <Filter>Imgui</Filter>
    </ClCompile>
    <ClCompile Include="ImguiRenderStage.cpp">
      <Filter>Source Files\Renderer\RenderStages</Filter>
    </ClCompile>
    <ClCompile Include="MainPassRenderStage.cpp">
      <Filter>Source Files\Renderer\RenderStages</Filter>
    </ClCompile>
    <ClCompile Include="OutlineRenderStage.cpp">
      <Filter>Source Files\Renderer\RenderStages</Filter>
    </ClCompile>
    <ClCompile Include="SkyBoxRenderStage.cpp">
      <Filter>Source Files\Renderer\RenderStages</Filter>
    </ClCompile>
    <ClCompile Include="PostProcessDepthOfFieldStage.cpp">
      <Filter>Source Files\Renderer\PostProcessStages</Filter>
    </ClCompile>
    <ClCompile Include="PostProcessToneMap.cpp">
      <Filter>Source Files\Renderer\PostProcessStages</Filter>
    </ClCompile>
    <ClCompile Include="PipelineStates.cpp">
      <Filter>Source Files\Renderer</Filter>
    </ClCompile>
    <ClCompile Include="PostProcess.cpp">
      <Filter>Source Files\Renderer</Filter>
    </ClCompile>
    <ClCompile Include="SceneResources.cpp">
      <Filter>Source Files\Renderer</Filter>
    </ClCompile>
    <ClCompile Include="PostProcessMotionBlur.cpp">
      <Filter>Source Files\Renderer\PostProcessStages</Filter>
    </ClCompile>
    <ClCompile Include="VelocityBufferStage.cpp">
      <Filter>Source Files\Renderer\PostProcessStages</Filter>
    </ClCompile>
    <ClCompile Include="PostProcessTemporalAA.cpp">
      <Filter>Source Files\Renderer\PostProcessStages</Filter>
    </ClCompile>
    <ClCompile Include="ComponentFactory.cpp">
      <Filter>Source Files\Engine</Filter>
    </ClCompile>
    <ClCompile Include="Serialization.cpp">
      <Filter>Source Files</Filter>
    </ClCompile>
    <ClCompile Include="DepthOnlyStage.cpp">
      <Filter>Source Files\Renderer\RenderStages</Filter>
    </ClCompile>
    <ClCompile Include="Transform.cpp">
      <Filter>Source Files\Engine</Filter>
    </ClCompile>
    <ClCompile Include="RenderStage.cpp">
      <Filter>Source Files\Renderer</Filter>
    </ClCompile>
    <ClCompile Include="Component.cpp">
      <Filter>Source Files\Engine</Filter>
    </ClCompile>
    <ClCompile Include="StringHash.cpp">
      <Filter>Source Files\Utility</Filter>
    </ClCompile>
    <ClCompile Include="DebugDraw.cpp">
      <Filter>Source Files</Filter>
    </ClCompile>
    <ClCompile Include="ShadowRenderStage.cpp">
      <Filter>Source Files\Renderer\RenderStages</Filter>
    </ClCompile>
    <ClCompile Include="ScreenSpaceAOStage.cpp">
      <Filter>Source Files\Renderer\RenderStages</Filter>
    </ClCompile>
    <ClCompile Include="ComputeContext.cpp">
      <Filter>Source Files\Renderer</Filter>
    </ClCompile>
    <ClCompile Include="DebugDrawStage.cpp">
      <Filter>Source Files\Renderer\RenderStages</Filter>
    </ClCompile>
    <ClCompile Include="VolumetricLightStage.cpp">
      <Filter>Source Files\Renderer\RenderStages</Filter>
    </ClCompile>
    <ClCompile Include="ApplyVolumetricFog.cpp">
      <Filter>Source Files\Renderer\PostProcessStages</Filter>
    </ClCompile>
    <ClCompile Include="VoxelizationStage.cpp">
      <Filter>Source Files\Renderer\RenderStages</Filter>
    </ClCompile>
    <ClCompile Include="GenerateMipsStage.cpp">
      <Filter>Source Files\Renderer\ComputeStages</Filter>
    </ClCompile>
    <ClCompile Include="VoxelRadiancePostProcess.cpp">
      <Filter>Source Files\Renderer\ComputeStages</Filter>
    </ClCompile>
    <ClCompile Include="ImCurveEdit.cpp">
      <Filter>Imguizmo</Filter>
    </ClCompile>
    <ClCompile Include="ImGradient.cpp">
      <Filter>Imguizmo</Filter>
    </ClCompile>
    <ClCompile Include="ImGuizmo.cpp">
      <Filter>Imguizmo</Filter>
    </ClCompile>
    <ClCompile Include="ImSequencer.cpp">
      <Filter>Imguizmo</Filter>
    </ClCompile>
    <ClCompile Include="GameStateManager.cpp">
      <Filter>Source Files\Engine</Filter>
    </ClCompile>
    <ClCompile Include="Animation.cpp">
      <Filter>Source Files\Animation</Filter>
    </ClCompile>
    <ClCompile Include="AnimationSystem.cpp">
      <Filter>Source Files\Animation</Filter>
    </ClCompile>
  </ItemGroup>
  <ItemGroup>
    <ClInclude Include="pch.h">
      <Filter>Header Files</Filter>
    </ClInclude>
    <ClInclude Include="DeviceResources.h">
      <Filter>Header Files\Renderer</Filter>
    </ClInclude>
    <ClInclude Include="Renderer.h">
      <Filter>Header Files\Renderer</Filter>
    </ClInclude>
    <ClInclude Include="ResourceManager.h">
      <Filter>Header Files\Renderer</Filter>
    </ClInclude>
    <ClInclude Include="RenderTargetManager.h">
      <Filter>Header Files\Renderer</Filter>
    </ClInclude>
    <ClInclude Include="ShaderManager.h">
      <Filter>Header Files\Renderer</Filter>
    </ClInclude>
    <ClInclude Include="Window.h">
      <Filter>Header Files\Renderer</Filter>
    </ClInclude>
    <ClInclude Include="ShaderResourceManager.h">
      <Filter>Header Files\Renderer</Filter>
    </ClInclude>
    <ClInclude Include="CommandContext.h">
      <Filter>Header Files\Renderer</Filter>
    </ClInclude>
    <ClInclude Include="Mesh.h">
      <Filter>Header Files\Model</Filter>
    </ClInclude>
    <ClInclude Include="ModelLoader.h">
      <Filter>Header Files\Model</Filter>
    </ClInclude>
    <ClInclude Include="Vertex.h">
      <Filter>Header Files\Model</Filter>
    </ClInclude>
    <ClInclude Include="Material.h">
      <Filter>Header Files\Model</Filter>
    </ClInclude>
    <ClInclude Include="ConstantBuffer.h">
      <Filter>Header Files\Renderer</Filter>
    </ClInclude>
    <ClInclude Include="InputLayout.h">
      <Filter>Header Files\Renderer</Filter>
    </ClInclude>
    <ClInclude Include="DXUtility.h">
      <Filter>Header Files\Utility</Filter>
    </ClInclude>
    <ClInclude Include="d3dx12.h">
      <Filter>Header Files\Utility</Filter>
    </ClInclude>
    <ClInclude Include="OGLMath.h">
      <Filter>Header Files\Utility</Filter>
    </ClInclude>
    <ClInclude Include="Timer.h">
      <Filter>Header Files\Utility</Filter>
    </ClInclude>
    <ClInclude Include="Camera.h">
      <Filter>Header Files\Engine</Filter>
    </ClInclude>
    <ClInclude Include="Game.h">
      <Filter>Header Files\Engine</Filter>
    </ClInclude>
    <ClInclude Include="Memory.h">
      <Filter>Header Files\Engine</Filter>
    </ClInclude>
    <ClInclude Include="Declarations.h">
      <Filter>Header Files</Filter>
    </ClInclude>
    <ClInclude Include="Entity.h">
      <Filter>Header Files\Engine</Filter>
    </ClInclude>
    <ClInclude Include="Component.h">
      <Filter>Header Files\Engine</Filter>
    </ClInclude>
    <ClInclude Include="EntityBase.h">
      <Filter>Header Files\Engine</Filter>
    </ClInclude>
    <ClInclude Include="System.h">
      <Filter>Header Files\Engine</Filter>
    </ClInclude>
    <ClInclude Include="BaseComponents.h">
      <Filter>Header Files\Engine</Filter>
    </ClInclude>
    <ClInclude Include="Transform.h">
      <Filter>Header Files\Engine</Filter>
    </ClInclude>
    <ClInclude Include="Engine.h">
      <Filter>Header Files</Filter>
    </ClInclude>
    <ClInclude Include="EngineContext.h">
      <Filter>Header Files\Engine</Filter>
    </ClInclude>
    <ClInclude Include="RenderBucket.h">
      <Filter>Header Files\Renderer</Filter>
    </ClInclude>
    <ClInclude Include="RenderStage.h">
      <Filter>Header Files\Renderer</Filter>
    </ClInclude>
    <ClInclude Include="FrameContext.h">
      <Filter>Header Files\Renderer</Filter>
    </ClInclude>
    <ClInclude Include="imstb_rectpack.h">
      <Filter>Imgui</Filter>
    </ClInclude>
    <ClInclude Include="imstb_textedit.h">
      <Filter>Imgui</Filter>
    </ClInclude>
    <ClInclude Include="imconfig.h">
      <Filter>Imgui</Filter>
    </ClInclude>
    <ClInclude Include="imgui.h">
      <Filter>Imgui</Filter>
    </ClInclude>
    <ClInclude Include="imgui_internal.h">
      <Filter>Imgui</Filter>
    </ClInclude>
    <ClInclude Include="imstb_truetype.h">
      <Filter>Imgui</Filter>
    </ClInclude>
    <ClInclude Include="imgui_impl_dx12.h">
      <Filter>Imgui</Filter>
    </ClInclude>
    <ClInclude Include="imgui_impl_win32.h">
      <Filter>Imgui</Filter>
    </ClInclude>
    <ClInclude Include="BaseSystems.h">
      <Filter>Header Files\Engine</Filter>
    </ClInclude>
    <ClInclude Include="ImguiRenderStage.h">
      <Filter>Header Files\Renderer\RenderStages</Filter>
    </ClInclude>
    <ClInclude Include="MainPassRenderStage.h">
      <Filter>Header Files\Renderer\RenderStages</Filter>
    </ClInclude>
    <ClInclude Include="OutlineRenderStage.h">
      <Filter>Header Files\Renderer\RenderStages</Filter>
    </ClInclude>
    <ClInclude Include="PostProcess.h">
      <Filter>Header Files\Renderer</Filter>
    </ClInclude>
    <ClInclude Include="PipelineStates.h">
      <Filter>Header Files\Renderer</Filter>
    </ClInclude>
    <ClInclude Include="SkyBoxRenderStage.h">
      <Filter>Header Files\Renderer\RenderStages</Filter>
    </ClInclude>
    <ClInclude Include="SceneResources.h">
      <Filter>Header Files\Renderer</Filter>
    </ClInclude>
    <ClInclude Include="PostProcessDepthOfFieldStage.h">
      <Filter>Header Files\Renderer\PostProcessStages</Filter>
    </ClInclude>
    <ClInclude Include="PostProcessToneMap.h">
      <Filter>Header Files\Renderer\PostProcessStages</Filter>
    </ClInclude>
    <ClInclude Include="PostProcessMotionBlur.h">
      <Filter>Header Files\Renderer\PostProcessStages</Filter>
    </ClInclude>
    <ClInclude Include="VelocityBufferStage.h">
      <Filter>Header Files\Renderer\PostProcessStages</Filter>
    </ClInclude>
    <ClInclude Include="PostProcessTemporalAA.h">
      <Filter>Header Files\Renderer\PostProcessStages</Filter>
    </ClInclude>
    <ClInclude Include="Interface.h">
      <Filter>Header Files</Filter>
    </ClInclude>
    <ClInclude Include="ComponentFactory.h">
      <Filter>Header Files\Engine</Filter>
    </ClInclude>
    <ClInclude Include="DepthOnlyStage.h">
      <Filter>Header Files\Renderer\RenderStages</Filter>
    </ClInclude>
    <ClInclude Include="CMath.h">
      <Filter>Header Files\Math</Filter>
    </ClInclude>
    <ClInclude Include="Utility.h">
      <Filter>Header Files\DataStructures</Filter>
    </ClInclude>
    <ClInclude Include="StringHash.h">
      <Filter>Header Files\Utility</Filter>
    </ClInclude>
    <ClInclude Include="ComponentReflector.h">
      <Filter>Header Files\Utility</Filter>
    </ClInclude>
    <ClInclude Include="DebugDraw.h">
      <Filter>Header Files</Filter>
    </ClInclude>
    <ClInclude Include="DebugDrawStage.h">
      <Filter>Header Files\Renderer\RenderStages</Filter>
    </ClInclude>
    <ClInclude Include="ScreenSpaceAOStage.h">
      <Filter>Header Files\Renderer\RenderStages</Filter>
    </ClInclude>
    <ClInclude Include="ComputeContext.h">
      <Filter>Header Files\Renderer</Filter>
    </ClInclude>
    <ClInclude Include="ShadowRenderStage.h">
      <Filter>Header Files\Renderer\RenderStages</Filter>
    </ClInclude>
    <ClInclude Include="Serialization.h">
      <Filter>Header Files</Filter>
    </ClInclude>
    <ClInclude Include="PostProcessComponents.h">
      <Filter>Header Files\Engine</Filter>
    </ClInclude>
    <ClInclude Include="VolumetricLightStage.h">
      <Filter>Header Files\Renderer\RenderStages</Filter>
    </ClInclude>
    <ClInclude Include="ApplyVolumetricFog.h">
      <Filter>Header Files\Renderer\PostProcessStages</Filter>
    </ClInclude>
    <ClInclude Include="VoxelizationStage.h">
      <Filter>Header Files\Renderer\RenderStages</Filter>
    </ClInclude>
    <ClInclude Include="GenerateMipsStage.h">
      <Filter>Header Files\Renderer\ComputeStages</Filter>
    </ClInclude>
    <ClInclude Include="VoxelRadiancePostProcess.h">
      <Filter>Header Files\Renderer\ComputeStages</Filter>
    </ClInclude>
    <ClInclude Include="ImCurveEdit.h">
      <Filter>Imguizmo</Filter>
    </ClInclude>
    <ClInclude Include="ImGradient.h">
      <Filter>Imguizmo</Filter>
    </ClInclude>
    <ClInclude Include="ImGuizmo.h">
      <Filter>Imguizmo</Filter>
    </ClInclude>
    <ClInclude Include="ImSequencer.h">
      <Filter>Imguizmo</Filter>
    </ClInclude>
    <ClInclude Include="GameStateManager.h">
      <Filter>Header Files\Engine</Filter>
    </ClInclude>
    <ClInclude Include="Animation.h">
      <Filter>Header Files\Animation</Filter>
    </ClInclude>
    <ClInclude Include="AnimationComponent.h">
      <Filter>Header Files\Animation</Filter>
    </ClInclude>
    <ClInclude Include="AnimationSystem.h">
      <Filter>Header Files\Animation</Filter>
    </ClInclude>
    <ClInclude Include="RenderComponents.h">
      <Filter>Header Files\Engine</Filter>
    </ClInclude>
    <ClInclude Include="ImguiConsole.h">
      <Filter>Header Files\Editor</Filter>
    </ClInclude>
    <ClInclude Include="Trace.h">
      <Filter>Header Files\Editor</Filter>
    </ClInclude>
  </ItemGroup>
  <ItemGroup>
    <FxCompile Include="BlurPS.hlsl">
      <Filter>Shaders\PostProcess</Filter>
    </FxCompile>
    <FxCompile Include="DepthOfFieldPS.hlsl">
      <Filter>Shaders\PostProcess</Filter>
    </FxCompile>
    <FxCompile Include="QuadPS.hlsl">
      <Filter>Shaders\PostProcess</Filter>
    </FxCompile>
    <FxCompile Include="QuadVS.hlsl">
      <Filter>Shaders\PostProcess</Filter>
    </FxCompile>
    <FxCompile Include="SkyboxPS.hlsl">
      <Filter>Shaders\Sky</Filter>
    </FxCompile>
    <FxCompile Include="SkyboxVS.hlsl">
      <Filter>Shaders\Sky</Filter>
    </FxCompile>
    <FxCompile Include="DefaultPS.hlsl">
      <Filter>Shaders\PBR</Filter>
    </FxCompile>
    <FxCompile Include="DefaultVS.hlsl">
      <Filter>Shaders\PBR</Filter>
    </FxCompile>
    <FxCompile Include="OutlinePS.hlsl">
      <Filter>Shaders\Misc</Filter>
    </FxCompile>
    <FxCompile Include="OutlineVS.hlsl">
      <Filter>Shaders\Misc</Filter>
    </FxCompile>
    <FxCompile Include="VelocityBufferVS.hlsl">
      <Filter>Shaders\AA</Filter>
    </FxCompile>
    <FxCompile Include="VelocityBufferPS.hlsl">
      <Filter>Shaders\AA</Filter>
    </FxCompile>
    <FxCompile Include="ToneMapPS.hlsl">
      <Filter>Shaders\PostProcess</Filter>
    </FxCompile>
    <FxCompile Include="MotionBlurPS.hlsl">
      <Filter>Shaders\AA</Filter>
    </FxCompile>
    <FxCompile Include="TemporalAAPS.hlsl">
      <Filter>Shaders\AA</Filter>
    </FxCompile>
    <FxCompile Include="SSAO.hlsl">
      <Filter>Shaders\PostProcess</Filter>
    </FxCompile>
    <FxCompile Include="AOQuadVS.hlsl">
      <Filter>Shaders\SSAO</Filter>
    </FxCompile>
    <FxCompile Include="ScreenSpaceAOPS.hlsl">
      <Filter>Shaders\SSAO</Filter>
    </FxCompile>
    <FxCompile Include="SSAOBlurPS.hlsl">
      <Filter>Shaders\SSAO</Filter>
    </FxCompile>
    <FxCompile Include="VoxelizeVS.hlsl">
      <Filter>Shaders\Voxelization</Filter>
    </FxCompile>
    <FxCompile Include="VoxelizeGS.hlsl">
      <Filter>Shaders\Voxelization</Filter>
    </FxCompile>
    <FxCompile Include="VoxelizePS.hlsl">
      <Filter>Shaders\Voxelization</Filter>
    </FxCompile>
    <FxCompile Include="ApplyVolumetricFogPS.hlsl">
      <Filter>Shaders\VolumetricLight</Filter>
    </FxCompile>
    <FxCompile Include="AccumulateFogPS.hlsl">
      <Filter>Shaders\VolumetricLight</Filter>
    </FxCompile>
    <FxCompile Include="BilateralBlurPS.hlsl">
      <Filter>Shaders\Misc</Filter>
    </FxCompile>
    <FxCompile Include="DepthOnlyVS.hlsl">
      <Filter>Shaders\Misc</Filter>
    </FxCompile>
    <FxCompile Include="LightCullingCS.hlsl">
      <Filter>Shaders\Misc</Filter>
    </FxCompile>
    <FxCompile Include="ShadowVS.hlsl">
      <Filter>Shaders\Misc</Filter>
    </FxCompile>
    <FxCompile Include="WorldPosPS.hlsl">
      <Filter>Shaders\Misc</Filter>
    </FxCompile>
    <FxCompile Include="GenerateMips3DCS.hlsl">
      <Filter>Shaders</Filter>
    </FxCompile>
    <FxCompile Include="VoxelCopyCS.hlsl">
      <Filter>Shaders</Filter>
    </FxCompile>
    <FxCompile Include="WireframeGS.hlsl">
      <Filter>Shaders\Wireframe</Filter>
    </FxCompile>
    <FxCompile Include="WireframePS.hlsl">
      <Filter>Shaders\Wireframe</Filter>
    </FxCompile>
    <FxCompile Include="WireframeVS.hlsl">
      <Filter>Shaders\Wireframe</Filter>
    </FxCompile>
    <FxCompile Include="AnimatedDefaultVS.hlsl">
      <Filter>Shaders\PBR</Filter>
    </FxCompile>
    <FxCompile Include="DepthOnlyAnimatedVS.hlsl">
      <Filter>Shaders\Misc</Filter>
    </FxCompile>
  </ItemGroup>
</Project>